{
  "name": "@meshdrop-go/host",
  "version": "0.1.0",
  "lockfileVersion": 3,
  "requires": true,
  "packages": {
    "": {
      "name": "@meshdrop-go/host",
      "version": "0.1.0",
      "license": "MIT",
      "dependencies": {
        "@meshdrop-go/core": "file:../meshdrop-core",
        "ws": "^8.18.0"
      },
      "bin": {
        "mesh": "cli/index.js"
      },
      "engines": {
        "node": ">=18"
      }
    },
    "../meshdrop-core": {
      "name": "@meshdrop-go/core",
      "version": "1.0.60",
      "license": "MIT",
      "dependencies": {
        "blind-relay": "^1.6.1",
        "compact-encoding": "^3.0.0",
        "corestore": "^7.9.1",
        "hyperbee": "^2.27.3",
        "hypercore-crypto": "^3.3.0",
        "hyperswarm": "^4.17.0",
        "protomux": "^3.11.0"
      },
      "engines": {
        "node": ">=18"
      }
    },
    "node_modules/@meshdrop-go/core": {
      "resolved": "../meshdrop-core",
      "link": true
    },
    "node_modules/ws": {
      "version": "8.21.3",
      "resolved": "https://registry.npmjs.org/ws/-/ws-8.21.3.tgz",
      "integrity": "sha512-201TZ/kPWxoPr/OKWjquZR1SWKXcvxdH+e1xrx89b3YbmzLMFCLfnaG1HFIgWzJOEWZ7MvpK++odZufgYR50Rw==",
      "license": "MIT",
      "engines": {
        "node": ">=10.0.0"
      },
      "peerDependencies": {
        "bufferutil": "^4.0.1",
        "utf-8-validate": ">=5.0.2"
      },
      "peerDependenciesMeta": {
        "bufferutil": {
          "optional": true
        },
        "utf-8-validate": {
          "optional": true
        }
      }
    }
  }
}
